
Microsoft Visual Studio Solution File, Format Version 12.00
# Visual Studio Version 16
VisualStudioVersion = 16.0.36602.28
MinimumVisualStudioVersion = 10.0.40219.1
Project("{FAE04EC0-301F-11D3-BF4B-00C04F79EFBC}") = "Inventory", "Inventory\Inventory.csproj", "{92632684-9293-4415-808E-6C4DF6776AFF}"
EndProject
Global
	GlobalSection(SolutionConfigurationPlatforms) = preSolution
		Debug|Any CPU = Debug|Any CPU
		Release|Any CPU = Release|Any CPU
	EndGlobalSection
	GlobalSection(ProjectConfigurationPlatforms) = postSolution
		{92632684-9293-4415-808E-6C4DF6776AFF}.Debug|Any CPU.ActiveCfg = Debug|Any CPU
		{92632684-9293-4415-808E-6C4DF6776AFF}.Debug|Any CPU.Build.0 = Debug|Any CPU
		{92632684-9293-4415-808E-6C4DF6776AFF}.Release|Any CPU.ActiveCfg = Release|Any CPU
		{92632684-9293-4415-808E-6C4DF6776AFF}.Release|Any CPU.Build.0 = Release|Any CPU
	EndGlobalSection
	GlobalSection(SolutionProperties) = preSolution
		HideSolutionNode = FALSE
	EndGlobalSection
	GlobalSection(ExtensibilityGlobals) = postSolution
		SolutionGuid = {3624139D-9D34-4C82-8C28-3CBD66C44009}
	EndGlobalSection
EndGlobal
